
Microsoft Visual Studio Solution File, Format Version 12.00
# Visual Studio 14
VisualStudioVersion = 14.0.22823.1
MinimumVisualStudioVersion = 10.0.40219.1
Project("{2150E333-8FDC-42A3-9474-1A3956D46DE8}") = "src", "src", "{32D5DD68-5356-49F6-B84A-3DF1E3472067}"
EndProject
Project("{2150E333-8FDC-42A3-9474-1A3956D46DE8}") = "Solution Items", "Solution Items", "{B13E0B51-2758-4240-B27A-5B117495C9AB}"
	ProjectSection(SolutionItems) = preProject
		global.json = global.json
	EndProjectSection
EndProject
Project("{8BB2217D-0F2D-49D1-97BC-3654ED321F3B}") = "SearchEng.Web", "src\SearchEng.Web\SearchEng.Web.xproj", "{A0C680D5-2A32-45FB-B662-5B0C64633AF4}"
EndProject
Project("{8BB2217D-0F2D-49D1-97BC-3654ED321F3B}") = "SearchEng.Common", "src\SearchEng.Common\SearchEng.Common.xproj", "{2244A1E7-4057-40B4-9DD2-BBD120F4A49E}"
EndProject
Project("{8BB2217D-0F2D-49D1-97BC-3654ED321F3B}") = "SearchEng.Data", "src\SearchEng.Data\SearchEng.Data.xproj", "{D4273C3C-6D12-44E7-BA91-A82C50EAA461}"
EndProject
Project("{8BB2217D-0F2D-49D1-97BC-3654ED321F3B}") = "SearchEng.Extensions", "src\SearchEng.Extensions\SearchEng.Extensions.xproj", "{A3B6D20E-2AFA-41E2-8679-4989DE9A555F}"
EndProject
Project("{8BB2217D-0F2D-49D1-97BC-3654ED321F3B}") = "SearchEng.Search", "src\SearchEng.Search\SearchEng.Search.xproj", "{09F2AB4E-D5BA-4F04-9880-A284A489258D}"
EndProject
Project("{2150E333-8FDC-42A3-9474-1A3956D46DE8}") = "test", "test", "{49C83ECE-DBB9-4220-8635-A40587E62890}"
EndProject
Project("{8BB2217D-0F2D-49D1-97BC-3654ED321F3B}") = "SearchEng.Test", "test\SearchEng.Test\SearchEng.Test.xproj", "{FA236670-A9A7-4863-B6CD-B240D789A2BD}"
EndProject
Global
	GlobalSection(SolutionConfigurationPlatforms) = preSolution
		Debug|Any CPU = Debug|Any CPU
		Release|Any CPU = Release|Any CPU
	EndGlobalSection
	GlobalSection(ProjectConfigurationPlatforms) = postSolution
		{A0C680D5-2A32-45FB-B662-5B0C64633AF4}.Debug|Any CPU.ActiveCfg = Debug|Any CPU
		{A0C680D5-2A32-45FB-B662-5B0C64633AF4}.Debug|Any CPU.Build.0 = Debug|Any CPU
		{A0C680D5-2A32-45FB-B662-5B0C64633AF4}.Release|Any CPU.ActiveCfg = Release|Any CPU
		{A0C680D5-2A32-45FB-B662-5B0C64633AF4}.Release|Any CPU.Build.0 = Release|Any CPU
		{2244A1E7-4057-40B4-9DD2-BBD120F4A49E}.Debug|Any CPU.ActiveCfg = Debug|Any CPU
		{2244A1E7-4057-40B4-9DD2-BBD120F4A49E}.Debug|Any CPU.Build.0 = Debug|Any CPU
		{2244A1E7-4057-40B4-9DD2-BBD120F4A49E}.Release|Any CPU.ActiveCfg = Release|Any CPU
		{2244A1E7-4057-40B4-9DD2-BBD120F4A49E}.Release|Any CPU.Build.0 = Release|Any CPU
		{D4273C3C-6D12-44E7-BA91-A82C50EAA461}.Debug|Any CPU.ActiveCfg = Debug|Any CPU
		{D4273C3C-6D12-44E7-BA91-A82C50EAA461}.Debug|Any CPU.Build.0 = Debug|Any CPU
		{D4273C3C-6D12-44E7-BA91-A82C50EAA461}.Release|Any CPU.ActiveCfg = Release|Any CPU
		{D4273C3C-6D12-44E7-BA91-A82C50EAA461}.Release|Any CPU.Build.0 = Release|Any CPU
		{A3B6D20E-2AFA-41E2-8679-4989DE9A555F}.Debug|Any CPU.ActiveCfg = Debug|Any CPU
		{A3B6D20E-2AFA-41E2-8679-4989DE9A555F}.Debug|Any CPU.Build.0 = Debug|Any CPU
		{A3B6D20E-2AFA-41E2-8679-4989DE9A555F}.Release|Any CPU.ActiveCfg = Release|Any CPU
		{A3B6D20E-2AFA-41E2-8679-4989DE9A555F}.Release|Any CPU.Build.0 = Release|Any CPU
		{09F2AB4E-D5BA-4F04-9880-A284A489258D}.Debug|Any CPU.ActiveCfg = Debug|Any CPU
		{09F2AB4E-D5BA-4F04-9880-A284A489258D}.Debug|Any CPU.Build.0 = Debug|Any CPU
		{09F2AB4E-D5BA-4F04-9880-A284A489258D}.Release|Any CPU.ActiveCfg = Release|Any CPU
		{09F2AB4E-D5BA-4F04-9880-A284A489258D}.Release|Any CPU.Build.0 = Release|Any CPU
		{FA236670-A9A7-4863-B6CD-B240D789A2BD}.Debug|Any CPU.ActiveCfg = Debug|Any CPU
		{FA236670-A9A7-4863-B6CD-B240D789A2BD}.Debug|Any CPU.Build.0 = Debug|Any CPU
		{FA236670-A9A7-4863-B6CD-B240D789A2BD}.Release|Any CPU.ActiveCfg = Release|Any CPU
		{FA236670-A9A7-4863-B6CD-B240D789A2BD}.Release|Any CPU.Build.0 = Release|Any CPU
	EndGlobalSection
	GlobalSection(SolutionProperties) = preSolution
		HideSolutionNode = FALSE
	EndGlobalSection
	GlobalSection(NestedProjects) = preSolution
		{A0C680D5-2A32-45FB-B662-5B0C64633AF4} = {32D5DD68-5356-49F6-B84A-3DF1E3472067}
		{2244A1E7-4057-40B4-9DD2-BBD120F4A49E} = {32D5DD68-5356-49F6-B84A-3DF1E3472067}
		{D4273C3C-6D12-44E7-BA91-A82C50EAA461} = {32D5DD68-5356-49F6-B84A-3DF1E3472067}
		{A3B6D20E-2AFA-41E2-8679-4989DE9A555F} = {32D5DD68-5356-49F6-B84A-3DF1E3472067}
		{09F2AB4E-D5BA-4F04-9880-A284A489258D} = {32D5DD68-5356-49F6-B84A-3DF1E3472067}
		{FA236670-A9A7-4863-B6CD-B240D789A2BD} = {49C83ECE-DBB9-4220-8635-A40587E62890}
	EndGlobalSection
EndGlobal
